{
  "name": "test-renovate-updates",
  "version": "1.0.0",
  "lockfileVersion": 1,
  "requires": true,
  "dependencies": {
    "@oribuild/api": {
      "version": "0.0.0-pre-alpha.1-1a87118",
      "resolved": "https://registry.npmjs.org/@oribuild/api/-/api-0.0.0-pre-alpha.1-1a87118.tgz",
      "integrity": "sha512-ae6Kcq7M3nu5J703hNusXu6i3O+GAxhrs2gMO7s9Pe+QkZr8DnBC6iD4NsFf3Ed3InHDCYPEwxyzxF+G0pmbpQ==",
      "requires": {
        "get-port": "^6.1.2",
        "oriservice-darwin-amd64": "0.0.0-pre-alpha.1-1a87118",
        "oriservice-darwin-arm64": "0.0.0-pre-alpha.1-1a87118",
        "oriservice-linux-amd64": "0.0.0-pre-alpha.1-1a87118",
        "oriservice-linux-arm64": "0.0.0-pre-alpha.1-1a87118",
        "oriservice-windows-amd64": "0.0.0-pre-alpha.1-1a87118",
        "oriservice-windows-arm64": "0.0.0-pre-alpha.1-1a87118",
        "resolve": "^1.22.0",
        "tree-kill": "^1.2.2",
        "ws": "^8.5.0"
      },
      "dependencies": {
        "oriservice-darwin-amd64": {
          "version": "0.0.0-pre-alpha.1-1a87118",
          "resolved": "https://registry.npmjs.org/oriservice-darwin-amd64/-/oriservice-darwin-amd64-0.0.0-pre-alpha.1-1a87118.tgz",
          "integrity": "sha512-kQAlNIpnEBTLg1BjMaDJJZA7aaL4N+Pt8OywZyPC9qDvJ+Zdiv+zzM5kxpTOR24jnMrMjDPujsLk8ecXAtKPIQ==",
          "optional": true
        },
        "oriservice-darwin-arm64": {
          "version": "0.0.0-pre-alpha.1-1a87118",
          "resolved": "https://registry.npmjs.org/oriservice-darwin-arm64/-/oriservice-darwin-arm64-0.0.0-pre-alpha.1-1a87118.tgz",
          "integrity": "sha512-C6gya1Q1gNQcduTrlK5x+LV7iHLD+BoUtAGyK3bb2FAOat1yAHRYEwIMmZAHWc/6zVE9cxGqQt60WYw2sMCAaw==",
          "optional": true
        },
        "oriservice-linux-amd64": {
          "version": "0.0.0-pre-alpha.1-1a87118",
          "resolved": "https://registry.npmjs.org/oriservice-linux-amd64/-/oriservice-linux-amd64-0.0.0-pre-alpha.1-1a87118.tgz",
          "integrity": "sha512-ynUnnrA0wH5t/csOmMTBRX5ccRynsDYRgBg5Y5oXrpi8slv/O/1hmuhhHC6BTYjNb9CInf7xlmm34b3lcBGkuQ==",
          "optional": true
        },
        "oriservice-windows-amd64": {
          "version": "0.0.0-pre-alpha.1-1a87118",
          "resolved": "https://registry.npmjs.org/oriservice-windows-amd64/-/oriservice-windows-amd64-0.0.0-pre-alpha.1-1a87118.tgz",
          "integrity": "sha512-LTrzj0hOSUzAWkgMGn1+WdK/0BUc/TgWaN6gP+c6gcmG7F4SYpDfLbC2Qc28E2qwqrfixzIT4kuov+wlStpPDA==",
          "optional": true
        },
        "oriservice-windows-arm64": {
          "version": "0.0.0-pre-alpha.1-1a87118",
          "resolved": "https://registry.npmjs.org/oriservice-windows-arm64/-/oriservice-windows-arm64-0.0.0-pre-alpha.1-1a87118.tgz",
          "integrity": "sha512-27o0X8Uq2Yy1Dd9KfedYJJp4w+90BqwgglFBh14nY7diRIBuQdN1RcPaVnyILhVz6Oi2vpIyRlsZAewM6iCkQg==",
          "optional": true
        }
      }
    },
    "function-bind": {
      "version": "1.1.1",
      "resolved": "https://registry.npmjs.org/function-bind/-/function-bind-1.1.1.tgz",
      "integrity": "sha512-yIovAzMX49sF8Yl58fSCWJ5svSLuaibPxXQJFLmBObTuCr0Mf1KiPopGM9NiFjiYBCbfaa2Fh6breQ6ANVTI0A=="
    },
    "get-port": {
      "version": "6.1.2",
      "resolved": "https://registry.npmjs.org/get-port/-/get-port-6.1.2.tgz",
      "integrity": "sha512-BrGGraKm2uPqurfGVj/z97/zv8dPleC6x9JBNRTrDNtCkkRF4rPwrQXFgL7+I+q8QSdU4ntLQX2D7KIxSy8nGw=="
    },
    "has": {
      "version": "1.0.3",
      "resolved": "https://registry.npmjs.org/has/-/has-1.0.3.tgz",
      "integrity": "sha512-f2dvO0VU6Oej7RkWJGrehjbzMAjFp5/VKPp5tTpWIV4JHHZK1/BxbFRtf/siA2SWTe09caDmVtYYzWEIbBS4zw==",
      "requires": {
        "function-bind": "^1.1.1"
      }
    },
    "is-core-module": {
      "version": "2.9.0",
      "resolved": "https://registry.npmjs.org/is-core-module/-/is-core-module-2.9.0.tgz",
      "integrity": "sha512-+5FPy5PnwmO3lvfMb0AsoPaBG+5KHUI0wYFXOtYPnVVVspTFUuMZNfNaNVRt3FZadstu2c8x23vykRW/NBoU6A==",
      "requires": {
        "has": "^1.0.3"
      }
    },
    "oriservice-linux-arm64": {
      "version": "0.0.0-pre-alpha.1-1a87118",
      "resolved": "https://registry.npmjs.org/oriservice-linux-arm64/-/oriservice-linux-arm64-0.0.0-pre-alpha.1-1a87118.tgz",
      "integrity": "sha512-J8aoQlH+arygX4ffT0u2Z2oncHGP2c5C3umlLcKEuYyFvwcKSd4QFZh0Pac8eKbbW/CL6PuTsPeov1fK25cpwg==",
      "optional": true
    },
    "path-parse": {
      "version": "1.0.7",
      "resolved": "https://registry.npmjs.org/path-parse/-/path-parse-1.0.7.tgz",
      "integrity": "sha512-LDJzPVEEEPR+y48z93A0Ed0yXb8pAByGWo/k5YYdYgpY2/2EsOsksJrq7lOHxryrVOn1ejG6oAp8ahvOIQD8sw=="
    },
    "resolve": {
      "version": "1.22.0",
      "resolved": "https://registry.npmjs.org/resolve/-/resolve-1.22.0.tgz",
      "integrity": "sha512-Hhtrw0nLeSrFQ7phPp4OOcVjLPIeMnRlr5mcnVuMe7M/7eBn98A3hmFRLoFo3DLZkivSYwhRUJTyPyWAk56WLw==",
      "requires": {
        "is-core-module": "^2.8.1",
        "path-parse": "^1.0.7",
        "supports-preserve-symlinks-flag": "^1.0.0"
      }
    },
    "supports-preserve-symlinks-flag": {
      "version": "1.0.0",
      "resolved": "https://registry.npmjs.org/supports-preserve-symlinks-flag/-/supports-preserve-symlinks-flag-1.0.0.tgz",
      "integrity": "sha512-ot0WnXS9fgdkgIcePe6RHNk1WA8+muPa6cSjeR3V8K27q9BB1rTE3R1p7Hv0z1ZyAc8s6Vvv8DIyWf681MAt0w=="
    },
    "tree-kill": {
      "version": "1.2.2",
      "resolved": "https://registry.npmjs.org/tree-kill/-/tree-kill-1.2.2.tgz",
      "integrity": "sha512-L0Orpi8qGpRG//Nd+H90vFB+3iHnue1zSSGmNOOCh1GLJ7rUKVwV2HvijphGQS2UmhUZewS9VgvxYIdgr+fG1A=="
    },
    "ws": {
      "version": "8.6.0",
      "resolved": "https://registry.npmjs.org/ws/-/ws-8.6.0.tgz",
      "integrity": "sha512-AzmM3aH3gk0aX7/rZLYvjdvZooofDu3fFOzGqcSnQ1tOcTWwhM/o+q++E8mAyVVIyUdajrkzWUGftaVSDLn1bw=="
    }
  }
}
